# This file is automatically @generated by Cargo.
# It is not intended for manual editing.
version = 3

[[package]]
name = "external_contracts"
version = "0.1.0"
source = "git+https://github.com/extendmepls/external_contracts#63294cd38a6993a4b41d00aee874c4d434043469"

[[package]]
name = "rust_plugin_example"
version = "0.1.0"
dependencies = [
 "external_contracts",
]
