# This file is automatically @generated by Cargo.
# It is not intended for manual editing.
version = 3

[[package]]
name = "external_contracts"
version = "0.1.0"
source = "git+https://github.com/extendmepls/external_contracts#03ad8877714f4f000b7a6291dcfc324ef5ec121e"

[[package]]
name = "rust_plugin_example"
version = "0.1.0"
dependencies = [
 "external_contracts",
]
